
Microsoft Visual Studio Solution File, Format Version 12.00
# Visual Studio Version 17
VisualStudioVersion = 17.0.32014.148
MinimumVisualStudioVersion = 10.0.40219.1
Project("{FAE04EC0-301F-11D3-BF4B-00C04F79EFBC}") = "ScreenCapture", "ScreenCapture.csproj", "{8F4E81DE-66B8-4A6E-80A3-40DA56F749BF}"
EndProject
Project("{FAE04EC0-301F-11D3-BF4B-00C04F79EFBC}") = "ColorInput", "..\ColorInput\ColorInput.csproj", "{DF8F56EC-E6B5-4AF5-B867-12EE73AD97C8}"
EndProject
Global
	GlobalSection(SolutionConfigurationPlatforms) = preSolution
		Debug|Any CPU = Debug|Any CPU
		Release|Any CPU = Release|Any CPU
	EndGlobalSection
	GlobalSection(ProjectConfigurationPlatforms) = postSolution
		{8F4E81DE-66B8-4A6E-80A3-40DA56F749BF}.Debug|Any CPU.ActiveCfg = Debug|Any CPU
		{8F4E81DE-66B8-4A6E-80A3-40DA56F749BF}.Debug|Any CPU.Build.0 = Debug|Any CPU
		{8F4E81DE-66B8-4A6E-80A3-40DA56F749BF}.Release|Any CPU.ActiveCfg = Release|Any CPU
		{8F4E81DE-66B8-4A6E-80A3-40DA56F749BF}.Release|Any CPU.Build.0 = Release|Any CPU
		{DF8F56EC-E6B5-4AF5-B867-12EE73AD97C8}.Debug|Any CPU.ActiveCfg = Debug|Any CPU
		{DF8F56EC-E6B5-4AF5-B867-12EE73AD97C8}.Debug|Any CPU.Build.0 = Debug|Any CPU
		{DF8F56EC-E6B5-4AF5-B867-12EE73AD97C8}.Release|Any CPU.ActiveCfg = Release|Any CPU
		{DF8F56EC-E6B5-4AF5-B867-12EE73AD97C8}.Release|Any CPU.Build.0 = Release|Any CPU
	EndGlobalSection
	GlobalSection(SolutionProperties) = preSolution
		HideSolutionNode = FALSE
	EndGlobalSection
	GlobalSection(ExtensibilityGlobals) = postSolution
		SolutionGuid = {A7314081-2646-4BD8-83D9-8C82BA338E25}
	EndGlobalSection
EndGlobal
